
Microsoft Visual Studio Solution File, Format Version 12.00
# Visual Studio Version 16
VisualStudioVersion = 16.0.31727.386
MinimumVisualStudioVersion = 10.0.40219.1
Project("{FAE04EC0-301F-11D3-BF4B-00C04F79EFBC}") = "DemoApp", "DemoApp\DemoApp.csproj", "{E9C542DE-C7A4-43BD-8C5B-B3B84B589BEF}"
EndProject
Global
	GlobalSection(SolutionConfigurationPlatforms) = preSolution
		Debug|Any CPU = Debug|Any CPU
		Release|Any CPU = Release|Any CPU
	EndGlobalSection
	GlobalSection(ProjectConfigurationPlatforms) = postSolution
		{E9C542DE-C7A4-43BD-8C5B-B3B84B589BEF}.Debug|Any CPU.ActiveCfg = Debug|Any CPU
		{E9C542DE-C7A4-43BD-8C5B-B3B84B589BEF}.Debug|Any CPU.Build.0 = Debug|Any CPU
		{E9C542DE-C7A4-43BD-8C5B-B3B84B589BEF}.Release|Any CPU.ActiveCfg = Release|Any CPU
		{E9C542DE-C7A4-43BD-8C5B-B3B84B589BEF}.Release|Any CPU.Build.0 = Release|Any CPU
	EndGlobalSection
	GlobalSection(SolutionProperties) = preSolution
		HideSolutionNode = FALSE
	EndGlobalSection
	GlobalSection(ExtensibilityGlobals) = postSolution
		SolutionGuid = {07919951-D37F-4001-9DE2-E33B6718E9E1}
	EndGlobalSection
EndGlobal
